<?xml version="1.0" encoding="utf-8"?>
<Project ToolsVersion="4.0" xmlns="http://schemas.microsoft.com/developer/msbuild/2003">
  <ItemGroup>
    <Filter Include="Source Files">
      <UniqueIdentifier>{4FC737F1-C7A5-4376-A066-2A32D752A2FF}</UniqueIdentifier>
      <Extensions>cpp;c;cc;cxx;c++;cppm;ixx;def;odl;idl;hpj;bat;asm;asmx</Extensions>
    </Filter>
    <Filter Include="Header Files">
      <UniqueIdentifier>{93995380-89BD-4b04-88EB-625FBE52EBFB}</UniqueIdentifier>
      <Extensions>h;hh;hpp;hxx;h++;hm;inl;inc;ipp;xsd</Extensions>
    </Filter>
    <Filter Include="Resource Files">
      <UniqueIdentifier>{67DA6AB6-F800-4c08-8B7A-83BB121AAD01}</UniqueIdentifier>
      <Extensions>rc;ico;cur;bmp;dlg;rc2;rct;bin;rgs;gif;jpg;jpeg;jpe;resx;tiff;tif;png;wav;mfcribbon-ms</Extensions>
    </Filter>
  </ItemGroup>
  <ItemGroup>
    <ClInclude Include="src\interfaces.h">
      <Filter>Header Files</Filter>
    </ClInclude>
    <ClInclude Include="src\game_sdk\interfaces\engine.h">
      <Filter>Header Files</Filter>
    </ClInclude>
    <ClInclude Include="src\utils\memory_utils.h">
      <Filter>Header Files</Filter>
    </ClInclude>
    <ClInclude Include="src\game_sdk\interfaces\_interface.h">
      <Filter>Header Files</Filter>
    </ClInclude>
    <ClInclude Include="src\math\vector.h">
      <Filter>Header Files</Filter>
    </ClInclude>
    <ClInclude Include="src\game_sdk\interfaces\client.h">
      <Filter>Header Files</Filter>
    </ClInclude>
    <ClInclude Include="src\game_sdk\misc\c_client_class.h">
      <Filter>Header Files</Filter>
    </ClInclude>
    <ClInclude Include="src\render_system\render_system.h">
      <Filter>Header Files</Filter>
    </ClInclude>
    <ClInclude Include="deps\include\imgui\imconfig.h">
      <Filter>Header Files</Filter>
    </ClInclude>
    <ClInclude Include="deps\include\imgui\imgui.h">
      <Filter>Header Files</Filter>
    </ClInclude>
    <ClInclude Include="deps\include\imgui\imgui_internal.h">
      <Filter>Header Files</Filter>
    </ClInclude>
    <ClInclude Include="deps\include\imgui\imstb_rectpack.h">
      <Filter>Header Files</Filter>
    </ClInclude>
    <ClInclude Include="deps\include\imgui\imstb_textedit.h">
      <Filter>Header Files</Filter>
    </ClInclude>
    <ClInclude Include="deps\include\imgui\imstb_truetype.h">
      <Filter>Header Files</Filter>
    </ClInclude>
    <ClInclude Include="deps\include\imgui\imgui_impl_dx9.h">
      <Filter>Header Files</Filter>
    </ClInclude>
    <ClInclude Include="deps\include\imgui\imgui_impl_win32.h">
      <Filter>Header Files</Filter>
    </ClInclude>
    <ClInclude Include="src\hooks_manager\hooks_manager.h">
      <Filter>Header Files</Filter>
    </ClInclude>
    <ClInclude Include="deps\include\minpp\minhook\hde\hde32.h">
      <Filter>Header Files</Filter>
    </ClInclude>
    <ClInclude Include="deps\include\minpp\minhook\hde\hde64.h">
      <Filter>Header Files</Filter>
    </ClInclude>
    <ClInclude Include="deps\include\minpp\minhook\hde\pstdint.h">
      <Filter>Header Files</Filter>
    </ClInclude>
    <ClInclude Include="deps\include\minpp\minhook\hde\table32.h">
      <Filter>Header Files</Filter>
    </ClInclude>
    <ClInclude Include="deps\include\minpp\minhook\hde\table64.h">
      <Filter>Header Files</Filter>
    </ClInclude>
    <ClInclude Include="deps\include\minpp\minhook\buffer.h">
      <Filter>Header Files</Filter>
    </ClInclude>
    <ClInclude Include="deps\include\minpp\minhook\minhook.h">
      <Filter>Header Files</Filter>
    </ClInclude>
    <ClInclude Include="deps\include\minpp\minhook\trampoline.h">
      <Filter>Header Files</Filter>
    </ClInclude>
    <ClInclude Include="deps\include\minpp\c_min_hook.h">
      <Filter>Header Files</Filter>
    </ClInclude>
    <ClInclude Include="deps\include\fmt\chrono.h">
      <Filter>Header Files</Filter>
    </ClInclude>
    <ClInclude Include="deps\include\fmt\color.h">
      <Filter>Header Files</Filter>
    </ClInclude>
    <ClInclude Include="deps\include\fmt\compile.h">
      <Filter>Header Files</Filter>
    </ClInclude>
    <ClInclude Include="deps\include\fmt\core.h">
      <Filter>Header Files</Filter>
    </ClInclude>
    <ClInclude Include="deps\include\fmt\format.h">
      <Filter>Header Files</Filter>
    </ClInclude>
    <ClInclude Include="deps\include\fmt\format-inl.h">
      <Filter>Header Files</Filter>
    </ClInclude>
    <ClInclude Include="deps\include\fmt\locale.h">
      <Filter>Header Files</Filter>
    </ClInclude>
    <ClInclude Include="deps\include\fmt\os.h">
      <Filter>Header Files</Filter>
    </ClInclude>
    <ClInclude Include="deps\include\fmt\ostream.h">
      <Filter>Header Files</Filter>
    </ClInclude>
    <ClInclude Include="deps\include\fmt\posix.h">
      <Filter>Header Files</Filter>
    </ClInclude>
    <ClInclude Include="deps\include\fmt\printf.h">
      <Filter>Header Files</Filter>
    </ClInclude>
    <ClInclude Include="deps\include\fmt\ranges.h">
      <Filter>Header Files</Filter>
    </ClInclude>
    <ClInclude Include="src\features\menu\menu.h">
      <Filter>Header Files</Filter>
    </ClInclude>
    <ClInclude Include="src\features\menu\windows\bgwindow.h">
      <Filter>Header Files</Filter>
    </ClInclude>
    <ClInclude Include="src\utils\hack_utils.h">
      <Filter>Header Files</Filter>
    </ClInclude>
    <ClInclude Include="src\features\menu\windows\main_window.h">
      <Filter>Header Files</Filter>
    </ClInclude>
    <ClInclude Include="src\features\menu\styles.h">
      <Filter>Header Files</Filter>
    </ClInclude>
    <ClInclude Include="..\imgui\misc\fonts\lemi_main_font.h">
      <Filter>Header Files</Filter>
    </ClInclude>
    <ClInclude Include="src\render_system\fonts\lemi_main_font.h">
      <Filter>Header Files</Filter>
    </ClInclude>
    <ClInclude Include="src\game_sdk\interfaces\surface.h">
      <Filter>Header Files</Filter>
    </ClInclude>
    <ClInclude Include="src\game_sdk\interfaces\i_app_system.h">
      <Filter>Header Files</Filter>
    </ClInclude>
    <ClInclude Include="deps\include\imgui\imgui_stdlib.h">
      <Filter>Header Files</Filter>
    </ClInclude>
    <ClInclude Include="deps\include\imgui\im_tools.h">
      <Filter>Header Files</Filter>
    </ClInclude>
    <ClInclude Include="src\game_sdk\interfaces\i_input_system.h">
      <Filter>Header Files</Filter>
    </ClInclude>
    <ClInclude Include="src\features\visuals\visuals.h">
      <Filter>Header Files</Filter>
    </ClInclude>
    <ClInclude Include="src\utils\game_utils.h">
      <Filter>Header Files</Filter>
    </ClInclude>
    <ClInclude Include="src\game_sdk\interfaces\i_client_mode.h">
      <Filter>Header Files</Filter>
    </ClInclude>
    <ClInclude Include="src\game_sdk\misc\c_view_setup.h">
      <Filter>Header Files</Filter>
    </ClInclude>
    <ClInclude Include="src\game_sdk\entitys\c_base_entity.h">
      <Filter>Header Files</Filter>
    </ClInclude>
    <ClInclude Include="src\game_sdk\misc\recv_props.h">
      <Filter>Header Files</Filter>
    </ClInclude>
    <ClInclude Include="src\math\math.h">
      <Filter>Header Files</Filter>
    </ClInclude>
    <ClInclude Include="deps\include\fnv.h">
      <Filter>Header Files</Filter>
    </ClInclude>
    <ClInclude Include="src\utils\netvars.h">
      <Filter>Header Files</Filter>
    </ClInclude>
    <ClInclude Include="src\game_sdk\entitys\i_client_entity.h">
      <Filter>Header Files</Filter>
    </ClInclude>
    <ClInclude Include="src\game_sdk\interfaces\v_client_entity_list.h">
      <Filter>Header Files</Filter>
    </ClInclude>
    <ClInclude Include="src\game_sdk\entitys\c_base_player.h">
      <Filter>Header Files</Filter>
    </ClInclude>
    <ClInclude Include="src\game_sdk\interfaces\lua_shared.h">
      <Filter>Header Files</Filter>
    </ClInclude>
    <ClInclude Include="src\features\menu\windows\tabs_contents.h">
      <Filter>Header Files</Filter>
    </ClInclude>
    <ClInclude Include="src\settings\settings.h">
      <Filter>Header Files</Filter>
    </ClInclude>
    <ClInclude Include="deps\include\color.h">
      <Filter>Header Files</Filter>
    </ClInclude>
    <ClInclude Include="deps\include\lemi_utils.h">
      <Filter>Header Files</Filter>
    </ClInclude>
    <ClInclude Include="src\features\aim\aim.h">
      <Filter>Header Files</Filter>
    </ClInclude>
    <ClInclude Include="src\render_system\img\logo.h">
      <Filter>Header Files</Filter>
    </ClInclude>
    <ClInclude Include="src\render_system\img\img_loader.h">
      <Filter>Header Files</Filter>
    </ClInclude>
    <ClInclude Include="src\game_sdk\misc\c_user_cmd.h">
      <Filter>Header Files</Filter>
    </ClInclude>
    <ClInclude Include="src\game_sdk\entitys\c_base_weapon.h">
      <Filter>Header Files</Filter>
    </ClInclude>
    <ClInclude Include="src\game_sdk\interfaces\i_material_system.h">
      <Filter>Header Files</Filter>
    </ClInclude>
    <ClInclude Include="src\game_sdk\interfaces\iv_model_render.h">
      <Filter>Header Files</Filter>
    </ClInclude>
    <ClInclude Include="src\game_sdk\interfaces\i_render_view.h">
      <Filter>Header Files</Filter>
    </ClInclude>
  </ItemGroup>
  <ItemGroup>
    <ClCompile Include="src\interfaces.cpp">
      <Filter>Source Files</Filter>
    </ClCompile>
    <ClCompile Include="src\main.cpp">
      <Filter>Source Files</Filter>
    </ClCompile>
    <ClCompile Include="src\math\vector.cpp">
      <Filter>Source Files</Filter>
    </ClCompile>
    <ClCompile Include="src\render_system\render_system.cpp">
      <Filter>Source Files</Filter>
    </ClCompile>
    <ClCompile Include="deps\include\imgui\imgui.cpp">
      <Filter>Source Files</Filter>
    </ClCompile>
    <ClCompile Include="deps\include\imgui\imgui_demo.cpp">
      <Filter>Source Files</Filter>
    </ClCompile>
    <ClCompile Include="deps\include\imgui\imgui_draw.cpp">
      <Filter>Source Files</Filter>
    </ClCompile>
    <ClCompile Include="deps\include\imgui\imgui_widgets.cpp">
      <Filter>Source Files</Filter>
    </ClCompile>
    <ClCompile Include="deps\include\imgui\imgui_impl_dx9.cpp">
      <Filter>Source Files</Filter>
    </ClCompile>
    <ClCompile Include="deps\include\imgui\imgui_impl_win32.cpp">
      <Filter>Source Files</Filter>
    </ClCompile>
    <ClCompile Include="src\hooks_manager\hooks_manager.cpp">
      <Filter>Source Files</Filter>
    </ClCompile>
    <ClCompile Include="deps\include\minpp\minhook\hde\hde32.c">
      <Filter>Source Files</Filter>
    </ClCompile>
    <ClCompile Include="deps\include\minpp\minhook\hde\hde64.c">
      <Filter>Source Files</Filter>
    </ClCompile>
    <ClCompile Include="deps\include\minpp\minhook\buffer.c">
      <Filter>Source Files</Filter>
    </ClCompile>
    <ClCompile Include="deps\include\minpp\minhook\hook.c">
      <Filter>Source Files</Filter>
    </ClCompile>
    <ClCompile Include="deps\include\minpp\minhook\trampoline.c">
      <Filter>Source Files</Filter>
    </ClCompile>
    <ClCompile Include="deps\include\minpp\c_min_hook.cpp">
      <Filter>Source Files</Filter>
    </ClCompile>
    <ClCompile Include="..\fmt-7.1.3\src\format.cc">
      <Filter>Source Files</Filter>
    </ClCompile>
    <ClCompile Include="..\fmt-7.1.3\src\os.cc">
      <Filter>Source Files</Filter>
    </ClCompile>
    <ClCompile Include="deps\include\fmt\os.cc">
      <Filter>Source Files</Filter>
    </ClCompile>
    <ClCompile Include="deps\include\fmt\format.cc">
      <Filter>Source Files</Filter>
    </ClCompile>
    <ClCompile Include="src\features\menu\menu.cpp">
      <Filter>Source Files</Filter>
    </ClCompile>
    <ClCompile Include="src\features\menu\windows\bgwindow.cpp">
      <Filter>Source Files</Filter>
    </ClCompile>
    <ClCompile Include="src\features\menu\windows\main_window.cpp">
      <Filter>Source Files</Filter>
    </ClCompile>
    <ClCompile Include="deps\include\imgui\imgui_stdlib.cpp">
      <Filter>Source Files</Filter>
    </ClCompile>
    <ClCompile Include="deps\include\imgui\im_tools.cpp">
      <Filter>Source Files</Filter>
    </ClCompile>
    <ClCompile Include="src\features\visuals\esp.cpp">
      <Filter>Source Files</Filter>
    </ClCompile>
    <ClCompile Include="src\utils\netvars.cpp">
      <Filter>Source Files</Filter>
    </ClCompile>
    <ClCompile Include="src\settings\settings.cpp">
      <Filter>Source Files</Filter>
    </ClCompile>
    <ClCompile Include="deps\include\imgui\imgui_tables.cpp">
      <Filter>Source Files</Filter>
    </ClCompile>
    <ClCompile Include="src\render_system\img\img_loader.cpp">
      <Filter>Source Files</Filter>
    </ClCompile>
    <ClCompile Include="src\features\aim\legit_bot.cpp">
      <Filter>Source Files</Filter>
    </ClCompile>
  </ItemGroup>
</Project>